PODS:
  - vaccination-tracker (1.0.17)

DEPENDENCIES:
  - vaccination-tracker (from `https://github.com/iurysza/vacctracker-pod-repo.git`, branch `develop`)

EXTERNAL SOURCES:
  vaccination-tracker:
    :branch: develop
    :git: https://github.com/iurysza/vacctracker-pod-repo.git

CHECKOUT OPTIONS:
  vaccination-tracker:
    :commit: de3097bc344f24ce10014104fe4a8876ce7cae80
    :git: https://github.com/iurysza/vacctracker-pod-repo.git

SPEC CHECKSUMS:
  vaccination-tracker: f70e71544edec7440c787cb3059bef6251f642f5

PODFILE CHECKSUM: ac64c3fc050c5d2729bd31bd4c209b6b7016417c

COCOAPODS: 1.10.1
